{
  "version": 4,
  "terraform_version": "0.14.7",
  "serial": 60,
  "lineage": "f1cd9788-8c3f-62a2-ac61-cea7c50043e2",
  "outputs": {
    "instance_id": {
      "value": "i-0ea33bf0754162d1a",
      "type": "string"
    },
    "instance_public_ip": {
      "value": "54.237.83.139",
      "type": "string"
    }
  },
  "resources": [
    {
      "mode": "managed",
      "type": "aws_instance",
      "name": "stock-check",
      "provider": "provider[\"registry.terraform.io/hashicorp/aws\"]",
      "instances": [
        {
          "schema_version": 1,
          "attributes": {
            "ami": "ami-0915bcb5fa77e4892",
            "arn": "arn:aws:ec2:us-east-1:048105878395:instance/i-0ea33bf0754162d1a",
            "associate_public_ip_address": true,
            "availability_zone": "us-east-1e",
            "cpu_core_count": 1,
            "cpu_threads_per_core": 1,
            "credit_specification": [
              {
                "cpu_credits": "standard"
              }
            ],
            "disable_api_termination": false,
            "ebs_block_device": [],
            "ebs_optimized": false,
            "enclave_options": [
              {
                "enabled": false
              }
            ],
            "ephemeral_block_device": [],
            "get_password_data": false,
            "hibernation": false,
            "host_id": null,
            "iam_instance_profile": "",
            "id": "i-0ea33bf0754162d1a",
            "instance_initiated_shutdown_behavior": null,
            "instance_state": "running",
            "instance_type": "t2.micro",
            "ipv6_address_count": 0,
            "ipv6_addresses": [],
            "key_name": "aws_id_rsa",
            "metadata_options": [
              {
                "http_endpoint": "enabled",
                "http_put_response_hop_limit": 1,
                "http_tokens": "optional"
              }
            ],
            "monitoring": false,
            "network_interface": [],
            "outpost_arn": "",
            "password_data": "",
            "placement_group": "",
            "primary_network_interface_id": "eni-0451b824495817507",
            "private_dns": "ip-172-31-77-215.ec2.internal",
            "private_ip": "172.31.77.215",
            "public_dns": "ec2-54-237-83-139.compute-1.amazonaws.com",
            "public_ip": "54.237.83.139",
            "root_block_device": [
              {
                "delete_on_termination": true,
                "device_name": "/dev/xvda",
                "encrypted": false,
                "iops": 100,
                "kms_key_id": "",
                "tags": {},
                "throughput": 0,
                "volume_id": "vol-0c2849934fa5160b2",
                "volume_size": 8,
                "volume_type": "gp2"
              }
            ],
            "secondary_private_ips": [],
            "security_groups": [
              "stock-check-sec-group"
            ],
            "source_dest_check": true,
            "subnet_id": "subnet-ca8e11f4",
            "tags": {
              "Name": "StockCheckInstance"
            },
            "tenancy": "default",
            "timeouts": null,
            "user_data": null,
            "user_data_base64": null,
            "volume_tags": null,
            "vpc_security_group_ids": [
              "sg-02348282a3c7b3873"
            ]
          },
          "sensitive_attributes": [],
          "private": "eyJlMmJmYjczMC1lY2FhLTExZTYtOGY4OC0zNDM2M2JjN2M0YzAiOnsiY3JlYXRlIjo2MDAwMDAwMDAwMDAsImRlbGV0ZSI6MTIwMDAwMDAwMDAwMCwidXBkYXRlIjo2MDAwMDAwMDAwMDB9LCJzY2hlbWFfdmVyc2lvbiI6IjEifQ==",
          "dependencies": [
            "aws_security_group.stock-check-sec-group"
          ]
        }
      ]
    },
    {
      "mode": "managed",
      "type": "aws_key_pair",
      "name": "aws_key",
      "provider": "provider[\"registry.terraform.io/hashicorp/aws\"]",
      "instances": [
        {
          "schema_version": 1,
          "attributes": {
            "arn": "arn:aws:ec2:us-east-1:048105878395:key-pair/aws_id_rsa",
            "fingerprint": "d1:fc:23:54:a1:aa:13:53:5c:42:31:6c:21:02:a4:54",
            "id": "aws_id_rsa",
            "key_name": "aws_id_rsa",
            "key_name_prefix": null,
            "key_pair_id": "key-0d2c40224f367c5a4",
            "public_key": "ssh-rsa AAAAB3NzaC1yc2EAAAADAQABAAABAQDdzG50ljkKy+BVkdLy74Utd0sjGFPGqAEqVgeGzGBE2MUgzBz5gz9X0BELabpvKDOqXmBsD2xKT3jWmvBMelS+lMNT0iKOIA868PPtq1DOpQ3/fYhu06KCwXQ5cI76Ll9fEWMfgC0oyxjBTSIGcjaTIm9rgKba3HTedB8uU+sEhuVUDox0a4EF7f6rsPqIBWsEFLR+wVldMcajrPAXpo+5RcTeO8j399hK2x0ceAablrP5dp9dpcexOHOqNG04VcQH0Ri4dE3TX/GTZPh0Z7WeZaLyvTGsQVgreali5RahM5twD1ZALXG9Y7vNoD9VQu3Rkfx5Vmp/kusC3nsLEEiD matt@G02UKXN06825",
            "tags": {}
          },
          "sensitive_attributes": [],
          "private": "eyJzY2hlbWFfdmVyc2lvbiI6IjEifQ=="
        }
      ]
    },
    {
      "mode": "managed",
      "type": "aws_security_group",
      "name": "stock-check-sec-group",
      "provider": "provider[\"registry.terraform.io/hashicorp/aws\"]",
      "instances": [
        {
          "schema_version": 1,
          "attributes": {
            "arn": "arn:aws:ec2:us-east-1:048105878395:security-group/sg-02348282a3c7b3873",
            "description": "Managed by Terraform",
            "egress": [
              {
                "cidr_blocks": [
                  "0.0.0.0/0"
                ],
                "description": "",
                "from_port": 0,
                "ipv6_cidr_blocks": [],
                "prefix_list_ids": [],
                "protocol": "-1",
                "security_groups": [],
                "self": false,
                "to_port": 0
              }
            ],
            "id": "sg-02348282a3c7b3873",
            "ingress": [
              {
                "cidr_blocks": [
                  "0.0.0.0/0"
                ],
                "description": "",
                "from_port": 0,
                "ipv6_cidr_blocks": [],
                "prefix_list_ids": [],
                "protocol": "tcp",
                "security_groups": [],
                "self": false,
                "to_port": 22
              }
            ],
            "name": "stock-check-sec-group",
            "name_prefix": "",
            "owner_id": "048105878395",
            "revoke_rules_on_delete": false,
            "tags": {},
            "timeouts": null,
            "vpc_id": "vpc-96bcd8ec"
          },
          "sensitive_attributes": [],
          "private": "eyJlMmJmYjczMC1lY2FhLTExZTYtOGY4OC0zNDM2M2JjN2M0YzAiOnsiY3JlYXRlIjo2MDAwMDAwMDAwMDAsImRlbGV0ZSI6NjAwMDAwMDAwMDAwfSwic2NoZW1hX3ZlcnNpb24iOiIxIn0="
        }
      ]
    }
  ]
}
